// !$*UTF8*$!
{
	archiveVersion = 1;
	classes = {
	};
	objectVersion = 52;
	objects = {

/* Begin PBXBuildFile section */
		91B8023224BC598800C4BC31 /* AppDelegate.swift in Sources */ = {isa = PBXBuildFile; fileRef = 91B8023124BC598800C4BC31 /* AppDelegate.swift */; };
		91B8023424BC598800C4BC31 /* SceneDelegate.swift in Sources */ = {isa = PBXBuildFile; fileRef = 91B8023324BC598800C4BC31 /* SceneDelegate.swift */; };
		91B8023624BC598800C4BC31 /* ListViewController.swift in Sources */ = {isa = PBXBuildFile; fileRef = 91B8023524BC598800C4BC31 /* ListViewController.swift */; };
		91B8023924BC598800C4BC31 /* Main.storyboard in Resources */ = {isa = PBXBuildFile; fileRef = 91B8023724BC598800C4BC31 /* Main.storyboard */; };
		91B8023C24BC598800C4BC31 /* Arrowverse_Watchlist.xcdatamodeld in Sources */ = {isa = PBXBuildFile; fileRef = 91B8023A24BC598800C4BC31 /* Arrowverse_Watchlist.xcdatamodeld */; };
		91B8023E24BC598F00C4BC31 /* Assets.xcassets in Resources */ = {isa = PBXBuildFile; fileRef = 91B8023D24BC598F00C4BC31 /* Assets.xcassets */; };
		91B8024124BC598F00C4BC31 /* LaunchScreen.storyboard in Resources */ = {isa = PBXBuildFile; fileRef = 91B8023F24BC598F00C4BC31 /* LaunchScreen.storyboard */; };
		91B8024A24BC5B4500C4BC31 /* SwiftSoup in Frameworks */ = {isa = PBXBuildFile; productRef = 91B8024924BC5B4500C4BC31 /* SwiftSoup */; };
		91B8024C24BC8B0000C4BC31 /* ListViewCell.xib in Resources */ = {isa = PBXBuildFile; fileRef = 91B8024B24BC8B0000C4BC31 /* ListViewCell.xib */; };
		91B8025024BCCF8300C4BC31 /* SelectViewController.swift in Sources */ = {isa = PBXBuildFile; fileRef = 91B8024F24BCCF8300C4BC31 /* SelectViewController.swift */; };
		91B8025224BCD03300C4BC31 /* SelectViewCell.xib in Resources */ = {isa = PBXBuildFile; fileRef = 91B8025124BCD03300C4BC31 /* SelectViewCell.xib */; };
		91B8025424BCD5FA00C4BC31 /* Show.swift in Sources */ = {isa = PBXBuildFile; fileRef = 91B8025324BCD5FA00C4BC31 /* Show.swift */; };
		91B8025624BCD80800C4BC31 /* State.swift in Sources */ = {isa = PBXBuildFile; fileRef = 91B8025524BCD80800C4BC31 /* State.swift */; };
		91B8025824BE204400C4BC31 /* NextViewController.swift in Sources */ = {isa = PBXBuildFile; fileRef = 91B8025724BE204300C4BC31 /* NextViewController.swift */; };
		91B8025A24BE274A00C4BC31 /* NextViewCell.xib in Resources */ = {isa = PBXBuildFile; fileRef = 91B8025924BE274A00C4BC31 /* NextViewCell.xib */; };
		91B8025C24BE2E6900C4BC31 /* CoreDataFunctions.swift in Sources */ = {isa = PBXBuildFile; fileRef = 91B8025B24BE2E6900C4BC31 /* CoreDataFunctions.swift */; };
		91B8025E24BE2EE400C4BC31 /* Episode.swift in Sources */ = {isa = PBXBuildFile; fileRef = 91B8025D24BE2EE400C4BC31 /* Episode.swift */; };
		91B8026024BE2FED00C4BC31 /* UserInterface.swift in Sources */ = {isa = PBXBuildFile; fileRef = 91B8025F24BE2FED00C4BC31 /* UserInterface.swift */; };
/* End PBXBuildFile section */

/* Begin PBXFileReference section */
		91B8022E24BC598800C4BC31 /* Arrowverse Watchlist.app */ = {isa = PBXFileReference; explicitFileType = wrapper.application; includeInIndex = 0; path = "Arrowverse Watchlist.app"; sourceTree = BUILT_PRODUCTS_DIR; };
		91B8023124BC598800C4BC31 /* AppDelegate.swift */ = {isa = PBXFileReference; lastKnownFileType = sourcecode.swift; path = AppDelegate.swift; sourceTree = "<group>"; };
		91B8023324BC598800C4BC31 /* SceneDelegate.swift */ = {isa = PBXFileReference; lastKnownFileType = sourcecode.swift; path = SceneDelegate.swift; sourceTree = "<group>"; };
		91B8023524BC598800C4BC31 /* ListViewController.swift */ = {isa = PBXFileReference; lastKnownFileType = sourcecode.swift; path = ListViewController.swift; sourceTree = "<group>"; };
		91B8023824BC598800C4BC31 /* Base */ = {isa = PBXFileReference; lastKnownFileType = file.storyboard; name = Base; path = Base.lproj/Main.storyboard; sourceTree = "<group>"; };
		91B8023B24BC598800C4BC31 /* Arrowverse_Watchlist.xcdatamodel */ = {isa = PBXFileReference; lastKnownFileType = wrapper.xcdatamodel; path = Arrowverse_Watchlist.xcdatamodel; sourceTree = "<group>"; };
		91B8023D24BC598F00C4BC31 /* Assets.xcassets */ = {isa = PBXFileReference; lastKnownFileType = folder.assetcatalog; path = Assets.xcassets; sourceTree = "<group>"; };
		91B8024024BC598F00C4BC31 /* Base */ = {isa = PBXFileReference; lastKnownFileType = file.storyboard; name = Base; path = Base.lproj/LaunchScreen.storyboard; sourceTree = "<group>"; };
		91B8024224BC598F00C4BC31 /* Info.plist */ = {isa = PBXFileReference; lastKnownFileType = text.plist.xml; path = Info.plist; sourceTree = "<group>"; };
		91B8024B24BC8B0000C4BC31 /* ListViewCell.xib */ = {isa = PBXFileReference; lastKnownFileType = file.xib; path = ListViewCell.xib; sourceTree = "<group>"; };
		91B8024F24BCCF8300C4BC31 /* SelectViewController.swift */ = {isa = PBXFileReference; lastKnownFileType = sourcecode.swift; path = SelectViewController.swift; sourceTree = "<group>"; };
		91B8025124BCD03300C4BC31 /* SelectViewCell.xib */ = {isa = PBXFileReference; lastKnownFileType = file.xib; path = SelectViewCell.xib; sourceTree = "<group>"; };
		91B8025324BCD5FA00C4BC31 /* Show.swift */ = {isa = PBXFileReference; lastKnownFileType = sourcecode.swift; path = Show.swift; sourceTree = "<group>"; };
		91B8025524BCD80800C4BC31 /* State.swift */ = {isa = PBXFileReference; lastKnownFileType = sourcecode.swift; path = State.swift; sourceTree = "<group>"; };
		91B8025724BE204300C4BC31 /* NextViewController.swift */ = {isa = PBXFileReference; lastKnownFileType = sourcecode.swift; path = NextViewController.swift; sourceTree = "<group>"; };
		91B8025924BE274A00C4BC31 /* NextViewCell.xib */ = {isa = PBXFileReference; lastKnownFileType = file.xib; path = NextViewCell.xib; sourceTree = "<group>"; };
		91B8025B24BE2E6900C4BC31 /* CoreDataFunctions.swift */ = {isa = PBXFileReference; lastKnownFileType = sourcecode.swift; path = CoreDataFunctions.swift; sourceTree = "<group>"; };
		91B8025D24BE2EE400C4BC31 /* Episode.swift */ = {isa = PBXFileReference; lastKnownFileType = sourcecode.swift; path = Episode.swift; sourceTree = "<group>"; };
		91B8025F24BE2FED00C4BC31 /* UserInterface.swift */ = {isa = PBXFileReference; lastKnownFileType = sourcecode.swift; path = UserInterface.swift; sourceTree = "<group>"; };
/* End PBXFileReference section */

/* Begin PBXFrameworksBuildPhase section */
		91B8022B24BC598800C4BC31 /* Frameworks */ = {
			isa = PBXFrameworksBuildPhase;
			buildActionMask = 2147483647;
			files = (
				91B8024A24BC5B4500C4BC31 /* SwiftSoup in Frameworks */,
			);
			runOnlyForDeploymentPostprocessing = 0;
		};
/* End PBXFrameworksBuildPhase section */

/* Begin PBXGroup section */
		91B8022524BC598800C4BC31 = {
			isa = PBXGroup;
			children = (
				91B8023024BC598800C4BC31 /* Arrowverse Watchlist */,
				91B8022F24BC598800C4BC31 /* Products */,
			);
			sourceTree = "<group>";
		};
		91B8022F24BC598800C4BC31 /* Products */ = {
			isa = PBXGroup;
			children = (
				91B8022E24BC598800C4BC31 /* Arrowverse Watchlist.app */,
			);
			name = Products;
			sourceTree = "<group>";
		};
		91B8023024BC598800C4BC31 /* Arrowverse Watchlist */ = {
			isa = PBXGroup;
			children = (
				91B8023124BC598800C4BC31 /* AppDelegate.swift */,
				91B8025324BCD5FA00C4BC31 /* Show.swift */,
				91B8025524BCD80800C4BC31 /* State.swift */,
				91B8025D24BE2EE400C4BC31 /* Episode.swift */,
				91B8023324BC598800C4BC31 /* SceneDelegate.swift */,
				91B8025F24BE2FED00C4BC31 /* UserInterface.swift */,
				91B8025B24BE2E6900C4BC31 /* CoreDataFunctions.swift */,
				91B8023524BC598800C4BC31 /* ListViewController.swift */,
				91B8024F24BCCF8300C4BC31 /* SelectViewController.swift */,
				91B8025724BE204300C4BC31 /* NextViewController.swift */,
				91B8023724BC598800C4BC31 /* Main.storyboard */,
				91B8024B24BC8B0000C4BC31 /* ListViewCell.xib */,
				91B8025124BCD03300C4BC31 /* SelectViewCell.xib */,
				91B8025924BE274A00C4BC31 /* NextViewCell.xib */,
				91B8023D24BC598F00C4BC31 /* Assets.xcassets */,
				91B8023F24BC598F00C4BC31 /* LaunchScreen.storyboard */,
				91B8024224BC598F00C4BC31 /* Info.plist */,
				91B8023A24BC598800C4BC31 /* Arrowverse_Watchlist.xcdatamodeld */,
			);
			path = "Arrowverse Watchlist";
			sourceTree = "<group>";
		};
/* End PBXGroup section */

/* Begin PBXNativeTarget section */
		91B8022D24BC598800C4BC31 /* Arrowverse Watchlist */ = {
			isa = PBXNativeTarget;
			buildConfigurationList = 91B8024524BC598F00C4BC31 /* Build configuration list for PBXNativeTarget "Arrowverse Watchlist" */;
			buildPhases = (
				91B8022A24BC598800C4BC31 /* Sources */,
				91B8022B24BC598800C4BC31 /* Frameworks */,
				91B8022C24BC598800C4BC31 /* Resources */,
			);
			buildRules = (
			);
			dependencies = (
			);
			name = "Arrowverse Watchlist";
			packageProductDependencies = (
				91B8024924BC5B4500C4BC31 /* SwiftSoup */,
			);
			productName = "Arrowverse Watchlist";
			productReference = 91B8022E24BC598800C4BC31 /* Arrowverse Watchlist.app */;
			productType = "com.apple.product-type.application";
		};
/* End PBXNativeTarget section */

/* Begin PBXProject section */
		91B8022624BC598800C4BC31 /* Project object */ = {
			isa = PBXProject;
			attributes = {
				LastSwiftUpdateCheck = 1150;
				LastUpgradeCheck = 1150;
				ORGANIZATIONNAME = "Daniel Marriner";
				TargetAttributes = {
					91B8022D24BC598800C4BC31 = {
						CreatedOnToolsVersion = 11.5;
					};
				};
			};
			buildConfigurationList = 91B8022924BC598800C4BC31 /* Build configuration list for PBXProject "Arrowverse Watchlist" */;
			compatibilityVersion = "Xcode 9.3";
			developmentRegion = en;
			hasScannedForEncodings = 0;
			knownRegions = (
				en,
				Base,
			);
			mainGroup = 91B8022524BC598800C4BC31;
			packageReferences = (
				91B8024824BC5B4500C4BC31 /* XCRemoteSwiftPackageReference "SwiftSoup" */,
			);
			productRefGroup = 91B8022F24BC598800C4BC31 /* Products */;
			projectDirPath = "";
			projectRoot = "";
			targets = (
				91B8022D24BC598800C4BC31 /* Arrowverse Watchlist */,
			);
		};
/* End PBXProject section */

/* Begin PBXResourcesBuildPhase section */
		91B8022C24BC598800C4BC31 /* Resources */ = {
			isa = PBXResourcesBuildPhase;
			buildActionMask = 2147483647;
			files = (
				91B8024C24BC8B0000C4BC31 /* ListViewCell.xib in Resources */,
				91B8024124BC598F00C4BC31 /* LaunchScreen.storyboard in Resources */,
				91B8023E24BC598F00C4BC31 /* Assets.xcassets in Resources */,
				91B8025224BCD03300C4BC31 /* SelectViewCell.xib in Resources */,
				91B8023924BC598800C4BC31 /* Main.storyboard in Resources */,
				91B8025A24BE274A00C4BC31 /* NextViewCell.xib in Resources */,
			);
			runOnlyForDeploymentPostprocessing = 0;
		};
/* End PBXResourcesBuildPhase section */

/* Begin PBXSourcesBuildPhase section */
		91B8022A24BC598800C4BC31 /* Sources */ = {
			isa = PBXSourcesBuildPhase;
			buildActionMask = 2147483647;
			files = (
				91B8025424BCD5FA00C4BC31 /* Show.swift in Sources */,
				91B8025824BE204400C4BC31 /* NextViewController.swift in Sources */,
				91B8025024BCCF8300C4BC31 /* SelectViewController.swift in Sources */,
				91B8025E24BE2EE400C4BC31 /* Episode.swift in Sources */,
				91B8023624BC598800C4BC31 /* ListViewController.swift in Sources */,
				91B8023C24BC598800C4BC31 /* Arrowverse_Watchlist.xcdatamodeld in Sources */,
				91B8023224BC598800C4BC31 /* AppDelegate.swift in Sources */,
				91B8025C24BE2E6900C4BC31 /* CoreDataFunctions.swift in Sources */,
				91B8025624BCD80800C4BC31 /* State.swift in Sources */,
				91B8023424BC598800C4BC31 /* SceneDelegate.swift in Sources */,
				91B8026024BE2FED00C4BC31 /* UserInterface.swift in Sources */,
			);
			runOnlyForDeploymentPostprocessing = 0;
		};
/* End PBXSourcesBuildPhase section */

/* Begin PBXVariantGroup section */
		91B8023724BC598800C4BC31 /* Main.storyboard */ = {
			isa = PBXVariantGroup;
			children = (
				91B8023824BC598800C4BC31 /* Base */,
			);
			name = Main.storyboard;
			sourceTree = "<group>";
		};
		91B8023F24BC598F00C4BC31 /* LaunchScreen.storyboard */ = {
			isa = PBXVariantGroup;
			children = (
				91B8024024BC598F00C4BC31 /* Base */,
			);
			name = LaunchScreen.storyboard;
			sourceTree = "<group>";
		};
/* End PBXVariantGroup section */

/* Begin XCBuildConfiguration section */
		91B8024324BC598F00C4BC31 /* Debug */ = {
			isa = XCBuildConfiguration;
			buildSettings = {
				ALWAYS_SEARCH_USER_PATHS = NO;
				CLANG_ANALYZER_NONNULL = YES;
				CLANG_ANALYZER_NUMBER_OBJECT_CONVERSION = YES_AGGRESSIVE;
				CLANG_CXX_LANGUAGE_STANDARD = "gnu++14";
				CLANG_CXX_LIBRARY = "libc++";
				CLANG_ENABLE_MODULES = YES;
				CLANG_ENABLE_OBJC_ARC = YES;
				CLANG_ENABLE_OBJC_WEAK = YES;
				CLANG_WARN_BLOCK_CAPTURE_AUTORELEASING = YES;
				CLANG_WARN_BOOL_CONVERSION = YES;
				CLANG_WARN_COMMA = YES;
				CLANG_WARN_CONSTANT_CONVERSION = YES;
				CLANG_WARN_DEPRECATED_OBJC_IMPLEMENTATIONS = YES;
				CLANG_WARN_DIRECT_OBJC_ISA_USAGE = YES_ERROR;
				CLANG_WARN_DOCUMENTATION_COMMENTS = YES;
				CLANG_WARN_EMPTY_BODY = YES;
				CLANG_WARN_ENUM_CONVERSION = YES;
				CLANG_WARN_INFINITE_RECURSION = YES;
				CLANG_WARN_INT_CONVERSION = YES;
				CLANG_WARN_NON_LITERAL_NULL_CONVERSION = YES;
				CLANG_WARN_OBJC_IMPLICIT_RETAIN_SELF = YES;
				CLANG_WARN_OBJC_LITERAL_CONVERSION = YES;
				CLANG_WARN_OBJC_ROOT_CLASS = YES_ERROR;
				CLANG_WARN_RANGE_LOOP_ANALYSIS = YES;
				CLANG_WARN_STRICT_PROTOTYPES = YES;
				CLANG_WARN_SUSPICIOUS_MOVE = YES;
				CLANG_WARN_UNGUARDED_AVAILABILITY = YES_AGGRESSIVE;
				CLANG_WARN_UNREACHABLE_CODE = YES;
				CLANG_WARN__DUPLICATE_METHOD_MATCH = YES;
				COPY_PHASE_STRIP = NO;
				DEBUG_INFORMATION_FORMAT = dwarf;
				ENABLE_STRICT_OBJC_MSGSEND = YES;
				ENABLE_TESTABILITY = YES;
				GCC_C_LANGUAGE_STANDARD = gnu11;
				GCC_DYNAMIC_NO_PIC = NO;
				GCC_NO_COMMON_BLOCKS = YES;
				GCC_OPTIMIZATION_LEVEL = 0;
				GCC_PREPROCESSOR_DEFINITIONS = (
					"DEBUG=1",
					"$(inherited)",
				);
				GCC_WARN_64_TO_32_BIT_CONVERSION = YES;
				GCC_WARN_ABOUT_RETURN_TYPE = YES_ERROR;
				GCC_WARN_UNDECLARED_SELECTOR = YES;
				GCC_WARN_UNINITIALIZED_AUTOS = YES_AGGRESSIVE;
				GCC_WARN_UNUSED_FUNCTION = YES;
				GCC_WARN_UNUSED_VARIABLE = YES;
				IPHONEOS_DEPLOYMENT_TARGET = 13.5;
				MTL_ENABLE_DEBUG_INFO = INCLUDE_SOURCE;
				MTL_FAST_MATH = YES;
				ONLY_ACTIVE_ARCH = YES;
				SDKROOT = iphoneos;
				SWIFT_ACTIVE_COMPILATION_CONDITIONS = DEBUG;
				SWIFT_OPTIMIZATION_LEVEL = "-Onone";
			};
			name = Debug;
		};
		91B8024424BC598F00C4BC31 /* Release */ = {
			isa = XCBuildConfiguration;
			buildSettings = {
				ALWAYS_SEARCH_USER_PATHS = NO;
				CLANG_ANALYZER_NONNULL = YES;
				CLANG_ANALYZER_NUMBER_OBJECT_CONVERSION = YES_AGGRESSIVE;
				CLANG_CXX_LANGUAGE_STANDARD = "gnu++14";
				CLANG_CXX_LIBRARY = "libc++";
				CLANG_ENABLE_MODULES = YES;
				CLANG_ENABLE_OBJC_ARC = YES;
				CLANG_ENABLE_OBJC_WEAK = YES;
				CLANG_WARN_BLOCK_CAPTURE_AUTORELEASING = YES;
				CLANG_WARN_BOOL_CONVERSION = YES;
				CLANG_WARN_COMMA = YES;
				CLANG_WARN_CONSTANT_CONVERSION = YES;
				CLANG_WARN_DEPRECATED_OBJC_IMPLEMENTATIONS = YES;
				CLANG_WARN_DIRECT_OBJC_ISA_USAGE = YES_ERROR;
				CLANG_WARN_DOCUMENTATION_COMMENTS = YES;
				CLANG_WARN_EMPTY_BODY = YES;
				CLANG_WARN_ENUM_CONVERSION = YES;
				CLANG_WARN_INFINITE_RECURSION = YES;
				CLANG_WARN_INT_CONVERSION = YES;
				CLANG_WARN_NON_LITERAL_NULL_CONVERSION = YES;
				CLANG_WARN_OBJC_IMPLICIT_RETAIN_SELF = YES;
				CLANG_WARN_OBJC_LITERAL_CONVERSION = YES;
				CLANG_WARN_OBJC_ROOT_CLASS = YES_ERROR;
				CLANG_WARN_RANGE_LOOP_ANALYSIS = YES;
				CLANG_WARN_STRICT_PROTOTYPES = YES;
				CLANG_WARN_SUSPICIOUS_MOVE = YES;
				CLANG_WARN_UNGUARDED_AVAILABILITY = YES_AGGRESSIVE;
				CLANG_WARN_UNREACHABLE_CODE = YES;
				CLANG_WARN__DUPLICATE_METHOD_MATCH = YES;
				COPY_PHASE_STRIP = NO;
				DEBUG_INFORMATION_FORMAT = "dwarf-with-dsym";
				ENABLE_NS_ASSERTIONS = NO;
				ENABLE_STRICT_OBJC_MSGSEND = YES;
				GCC_C_LANGUAGE_STANDARD = gnu11;
				GCC_NO_COMMON_BLOCKS = YES;
				GCC_WARN_64_TO_32_BIT_CONVERSION = YES;
				GCC_WARN_ABOUT_RETURN_TYPE = YES_ERROR;
				GCC_WARN_UNDECLARED_SELECTOR = YES;
				GCC_WARN_UNINITIALIZED_AUTOS = YES_AGGRESSIVE;
				GCC_WARN_UNUSED_FUNCTION = YES;
				GCC_WARN_UNUSED_VARIABLE = YES;
				IPHONEOS_DEPLOYMENT_TARGET = 13.5;
				MTL_ENABLE_DEBUG_INFO = NO;
				MTL_FAST_MATH = YES;
				SDKROOT = iphoneos;
				SWIFT_COMPILATION_MODE = wholemodule;
				SWIFT_OPTIMIZATION_LEVEL = "-O";
				VALIDATE_PRODUCT = YES;
			};
			name = Release;
		};
		91B8024624BC598F00C4BC31 /* Debug */ = {
			isa = XCBuildConfiguration;
			buildSettings = {
				ASSETCATALOG_COMPILER_APPICON_NAME = AppIcon;
				CODE_SIGN_STYLE = Automatic;
				DEVELOPMENT_TEAM = SDPTWQFVDC;
				INFOPLIST_FILE = "Arrowverse Watchlist/Info.plist";
				IPHONEOS_DEPLOYMENT_TARGET = 13.0;
				LD_RUNPATH_SEARCH_PATHS = (
					"$(inherited)",
					"@executable_path/Frameworks",
				);
				PRODUCT_BUNDLE_IDENTIFIER = "anachronistic-tech.Arrowverse-Watchlist";
				PRODUCT_NAME = "$(TARGET_NAME)";
				SWIFT_VERSION = 5.0;
				TARGETED_DEVICE_FAMILY = "1,2";
			};
			name = Debug;
		};
		91B8024724BC598F00C4BC31 /* Release */ = {
			isa = XCBuildConfiguration;
			buildSettings = {
				ASSETCATALOG_COMPILER_APPICON_NAME = AppIcon;
				CODE_SIGN_STYLE = Automatic;
				DEVELOPMENT_TEAM = SDPTWQFVDC;
				INFOPLIST_FILE = "Arrowverse Watchlist/Info.plist";
				IPHONEOS_DEPLOYMENT_TARGET = 13.0;
				LD_RUNPATH_SEARCH_PATHS = (
					"$(inherited)",
					"@executable_path/Frameworks",
				);
				PRODUCT_BUNDLE_IDENTIFIER = "anachronistic-tech.Arrowverse-Watchlist";
				PRODUCT_NAME = "$(TARGET_NAME)";
				SWIFT_VERSION = 5.0;
				TARGETED_DEVICE_FAMILY = "1,2";
			};
			name = Release;
		};
/* End XCBuildConfiguration section */

/* Begin XCConfigurationList section */
		91B8022924BC598800C4BC31 /* Build configuration list for PBXProject "Arrowverse Watchlist" */ = {
			isa = XCConfigurationList;
			buildConfigurations = (
				91B8024324BC598F00C4BC31 /* Debug */,
				91B8024424BC598F00C4BC31 /* Release */,
			);
			defaultConfigurationIsVisible = 0;
			defaultConfigurationName = Release;
		};
		91B8024524BC598F00C4BC31 /* Build configuration list for PBXNativeTarget "Arrowverse Watchlist" */ = {
			isa = XCConfigurationList;
			buildConfigurations = (
				91B8024624BC598F00C4BC31 /* Debug */,
				91B8024724BC598F00C4BC31 /* Release */,
			);
			defaultConfigurationIsVisible = 0;
			defaultConfigurationName = Release;
		};
/* End XCConfigurationList section */

/* Begin XCRemoteSwiftPackageReference section */
		91B8024824BC5B4500C4BC31 /* XCRemoteSwiftPackageReference "SwiftSoup" */ = {
			isa = XCRemoteSwiftPackageReference;
			repositoryURL = "https://github.com/scinfu/SwiftSoup";
			requirement = {
				kind = upToNextMajorVersion;
				minimumVersion = 2.3.2;
			};
		};
/* End XCRemoteSwiftPackageReference section */

/* Begin XCSwiftPackageProductDependency section */
		91B8024924BC5B4500C4BC31 /* SwiftSoup */ = {
			isa = XCSwiftPackageProductDependency;
			package = 91B8024824BC5B4500C4BC31 /* XCRemoteSwiftPackageReference "SwiftSoup" */;
			productName = SwiftSoup;
		};
/* End XCSwiftPackageProductDependency section */

/* Begin XCVersionGroup section */
		91B8023A24BC598800C4BC31 /* Arrowverse_Watchlist.xcdatamodeld */ = {
			isa = XCVersionGroup;
			children = (
				91B8023B24BC598800C4BC31 /* Arrowverse_Watchlist.xcdatamodel */,
			);
			currentVersion = 91B8023B24BC598800C4BC31 /* Arrowverse_Watchlist.xcdatamodel */;
			path = Arrowverse_Watchlist.xcdatamodeld;
			sourceTree = "<group>";
			versionGroupType = wrapper.xcdatamodel;
		};
/* End XCVersionGroup section */
	};
	rootObject = 91B8022624BC598800C4BC31 /* Project object */;
}
