// !$*UTF8*$!
{
	archiveVersion = 1;
	classes = {
	};
	objectVersion = 52;
	objects = {

/* Begin PBXBuildFile section */
		915A8C5A28BB652000531810 /* ShowsView.swift in Sources */ = {isa = PBXBuildFile; fileRef = 915A8C5928BB652000531810 /* ShowsView.swift */; };
		915A8C5C28BB654300531810 /* Content.json in Resources */ = {isa = PBXBuildFile; fileRef = 915A8C5B28BB654300531810 /* Content.json */; };
		91D475D126CD11A200CBABF4 /* ArrowverseWatchlistApp.swift in Sources */ = {isa = PBXBuildFile; fileRef = 91D475D026CD11A200CBABF4 /* ArrowverseWatchlistApp.swift */; };
		91D475D826CD11A300CBABF4 /* Preview Assets.xcassets in Resources */ = {isa = PBXBuildFile; fileRef = 91D475D726CD11A300CBABF4 /* Preview Assets.xcassets */; };
		91D475DA26CD11A300CBABF4 /* Persistence.swift in Sources */ = {isa = PBXBuildFile; fileRef = 91D475D926CD11A300CBABF4 /* Persistence.swift */; };
		91D475DD26CD11A300CBABF4 /* Arrowverse_Watchlist.xcdatamodeld in Sources */ = {isa = PBXBuildFile; fileRef = 91D475DB26CD11A300CBABF4 /* Arrowverse_Watchlist.xcdatamodeld */; };
		91D475E226CD11C400CBABF4 /* Assets.xcassets in Resources */ = {isa = PBXBuildFile; fileRef = 91B8023D24BC598F00C4BC31 /* Assets.xcassets */; };
		91D475E426CF1B8A00CBABF4 /* EpisodeListView.swift in Sources */ = {isa = PBXBuildFile; fileRef = 91D475E326CF1B8A00CBABF4 /* EpisodeListView.swift */; };
		91D475E726CF1BE800CBABF4 /* TVDBKit in Frameworks */ = {isa = PBXBuildFile; productRef = 91D475E626CF1BE800CBABF4 /* TVDBKit */; };
		91D475EB26CF9F9100CBABF4 /* Show.swift in Sources */ = {isa = PBXBuildFile; fileRef = 91B8025324BCD5FA00C4BC31 /* Show.swift */; };
		91D475ED26CFED5D00CBABF4 /* Constants.swift in Sources */ = {isa = PBXBuildFile; fileRef = 91D475EC26CFED5D00CBABF4 /* Constants.swift */; };
		91D475EF26D1299300CBABF4 /* ShowFilterList.swift in Sources */ = {isa = PBXBuildFile; fileRef = 91D475EE26D1299300CBABF4 /* ShowFilterList.swift */; };
		91D475F126D12A2E00CBABF4 /* ShowDataStore.swift in Sources */ = {isa = PBXBuildFile; fileRef = 91D475F026D12A2E00CBABF4 /* ShowDataStore.swift */; };
		91D475F326D12A6A00CBABF4 /* TVDBError+Identifiable.swift in Sources */ = {isa = PBXBuildFile; fileRef = 91D475F226D12A6A00CBABF4 /* TVDBError+Identifiable.swift */; };
		91D475F526D12ACB00CBABF4 /* EpisodeView.swift in Sources */ = {isa = PBXBuildFile; fileRef = 91D475F426D12ACB00CBABF4 /* EpisodeView.swift */; };
		91D475F726D2F15F00CBABF4 /* UpNextView.swift in Sources */ = {isa = PBXBuildFile; fileRef = 91D475F626D2F15F00CBABF4 /* UpNextView.swift */; };
		91D475FB26D2F60F00CBABF4 /* WatchableEpisode.swift in Sources */ = {isa = PBXBuildFile; fileRef = 91D475F926D2F60F00CBABF4 /* WatchableEpisode.swift */; };
		91D475FE26D2FA7800CBABF4 /* SwiftUIRefresh in Frameworks */ = {isa = PBXBuildFile; productRef = 91D475FD26D2FA7800CBABF4 /* SwiftUIRefresh */; };
/* End PBXBuildFile section */

/* Begin PBXFileReference section */
		915A8C5928BB652000531810 /* ShowsView.swift */ = {isa = PBXFileReference; lastKnownFileType = sourcecode.swift; path = ShowsView.swift; sourceTree = "<group>"; };
		915A8C5B28BB654300531810 /* Content.json */ = {isa = PBXFileReference; lastKnownFileType = text.json; path = Content.json; sourceTree = "<group>"; };
		91B8023D24BC598F00C4BC31 /* Assets.xcassets */ = {isa = PBXFileReference; lastKnownFileType = folder.assetcatalog; path = Assets.xcassets; sourceTree = "<group>"; };
		91B8025324BCD5FA00C4BC31 /* Show.swift */ = {isa = PBXFileReference; lastKnownFileType = sourcecode.swift; path = Show.swift; sourceTree = "<group>"; };
		91D475CE26CD11A200CBABF4 /* Arrowverse Watchlist.app */ = {isa = PBXFileReference; explicitFileType = wrapper.application; includeInIndex = 0; path = "Arrowverse Watchlist.app"; sourceTree = BUILT_PRODUCTS_DIR; };
		91D475D026CD11A200CBABF4 /* ArrowverseWatchlistApp.swift */ = {isa = PBXFileReference; lastKnownFileType = sourcecode.swift; path = ArrowverseWatchlistApp.swift; sourceTree = "<group>"; };
		91D475D726CD11A300CBABF4 /* Preview Assets.xcassets */ = {isa = PBXFileReference; lastKnownFileType = folder.assetcatalog; path = "Preview Assets.xcassets"; sourceTree = "<group>"; };
		91D475D926CD11A300CBABF4 /* Persistence.swift */ = {isa = PBXFileReference; lastKnownFileType = sourcecode.swift; path = Persistence.swift; sourceTree = "<group>"; };
		91D475DC26CD11A300CBABF4 /* Arrowverse_Watchlist_2.xcdatamodel */ = {isa = PBXFileReference; lastKnownFileType = wrapper.xcdatamodel; path = Arrowverse_Watchlist_2.xcdatamodel; sourceTree = "<group>"; };
		91D475DE26CD11A300CBABF4 /* Info.plist */ = {isa = PBXFileReference; lastKnownFileType = text.plist.xml; path = Info.plist; sourceTree = "<group>"; };
		91D475E326CF1B8A00CBABF4 /* EpisodeListView.swift */ = {isa = PBXFileReference; lastKnownFileType = sourcecode.swift; path = EpisodeListView.swift; sourceTree = "<group>"; };
		91D475EC26CFED5D00CBABF4 /* Constants.swift */ = {isa = PBXFileReference; lastKnownFileType = sourcecode.swift; path = Constants.swift; sourceTree = "<group>"; };
		91D475EE26D1299300CBABF4 /* ShowFilterList.swift */ = {isa = PBXFileReference; lastKnownFileType = sourcecode.swift; path = ShowFilterList.swift; sourceTree = "<group>"; };
		91D475F026D12A2E00CBABF4 /* ShowDataStore.swift */ = {isa = PBXFileReference; lastKnownFileType = sourcecode.swift; path = ShowDataStore.swift; sourceTree = "<group>"; };
		91D475F226D12A6A00CBABF4 /* TVDBError+Identifiable.swift */ = {isa = PBXFileReference; lastKnownFileType = sourcecode.swift; path = "TVDBError+Identifiable.swift"; sourceTree = "<group>"; };
		91D475F426D12ACB00CBABF4 /* EpisodeView.swift */ = {isa = PBXFileReference; lastKnownFileType = sourcecode.swift; path = EpisodeView.swift; sourceTree = "<group>"; };
		91D475F626D2F15F00CBABF4 /* UpNextView.swift */ = {isa = PBXFileReference; lastKnownFileType = sourcecode.swift; path = UpNextView.swift; sourceTree = "<group>"; };
		91D475F926D2F60F00CBABF4 /* WatchableEpisode.swift */ = {isa = PBXFileReference; lastKnownFileType = sourcecode.swift; path = WatchableEpisode.swift; sourceTree = "<group>"; };
/* End PBXFileReference section */

/* Begin PBXFrameworksBuildPhase section */
		91D475CB26CD11A200CBABF4 /* Frameworks */ = {
			isa = PBXFrameworksBuildPhase;
			buildActionMask = 2147483647;
			files = (
				91D475FE26D2FA7800CBABF4 /* SwiftUIRefresh in Frameworks */,
				91D475E726CF1BE800CBABF4 /* TVDBKit in Frameworks */,
			);
			runOnlyForDeploymentPostprocessing = 0;
		};
/* End PBXFrameworksBuildPhase section */

/* Begin PBXGroup section */
		91B8022524BC598800C4BC31 = {
			isa = PBXGroup;
			children = (
				91D475CF26CD11A200CBABF4 /* Arrowverse Watchlist */,
				91B8022F24BC598800C4BC31 /* Products */,
			);
			sourceTree = "<group>";
		};
		91B8022F24BC598800C4BC31 /* Products */ = {
			isa = PBXGroup;
			children = (
				91D475CE26CD11A200CBABF4 /* Arrowverse Watchlist.app */,
			);
			name = Products;
			sourceTree = "<group>";
		};
		91D475CF26CD11A200CBABF4 /* Arrowverse Watchlist */ = {
			isa = PBXGroup;
			children = (
				91D475D026CD11A200CBABF4 /* ArrowverseWatchlistApp.swift */,
				91D475E326CF1B8A00CBABF4 /* EpisodeListView.swift */,
				91D475F426D12ACB00CBABF4 /* EpisodeView.swift */,
				91D475EE26D1299300CBABF4 /* ShowFilterList.swift */,
				91D475F226D12A6A00CBABF4 /* TVDBError+Identifiable.swift */,
				91D475F026D12A2E00CBABF4 /* ShowDataStore.swift */,
				91D475F626D2F15F00CBABF4 /* UpNextView.swift */,
				91D475EC26CFED5D00CBABF4 /* Constants.swift */,
				91D475D926CD11A300CBABF4 /* Persistence.swift */,
				91B8025324BCD5FA00C4BC31 /* Show.swift */,
				915A8C5928BB652000531810 /* ShowsView.swift */,
				915A8C5B28BB654300531810 /* Content.json */,
				91D475DE26CD11A300CBABF4 /* Info.plist */,
				91D475DB26CD11A300CBABF4 /* Arrowverse_Watchlist.xcdatamodeld */,
				91D475F926D2F60F00CBABF4 /* WatchableEpisode.swift */,
				91B8023D24BC598F00C4BC31 /* Assets.xcassets */,
				91D475D626CD11A300CBABF4 /* Preview Content */,
			);
			path = "Arrowverse Watchlist";
			sourceTree = "<group>";
		};
		91D475D626CD11A300CBABF4 /* Preview Content */ = {
			isa = PBXGroup;
			children = (
				91D475D726CD11A300CBABF4 /* Preview Assets.xcassets */,
			);
			path = "Preview Content";
			sourceTree = "<group>";
		};
/* End PBXGroup section */

/* Begin PBXNativeTarget section */
		91D475CD26CD11A200CBABF4 /* Arrowverse Watchlist */ = {
			isa = PBXNativeTarget;
			buildConfigurationList = 91D475E126CD11A300CBABF4 /* Build configuration list for PBXNativeTarget "Arrowverse Watchlist" */;
			buildPhases = (
				91D475CA26CD11A200CBABF4 /* Sources */,
				91D475CB26CD11A200CBABF4 /* Frameworks */,
				91D475CC26CD11A200CBABF4 /* Resources */,
			);
			buildRules = (
			);
			dependencies = (
			);
			name = "Arrowverse Watchlist";
			packageProductDependencies = (
				91D475E626CF1BE800CBABF4 /* TVDBKit */,
				91D475FD26D2FA7800CBABF4 /* SwiftUIRefresh */,
			);
			productName = "Arrowverse Watchlist 2";
			productReference = 91D475CE26CD11A200CBABF4 /* Arrowverse Watchlist.app */;
			productType = "com.apple.product-type.application";
		};
/* End PBXNativeTarget section */

/* Begin PBXProject section */
		91B8022624BC598800C4BC31 /* Project object */ = {
			isa = PBXProject;
			attributes = {
				LastSwiftUpdateCheck = 1250;
				LastUpgradeCheck = 1240;
				ORGANIZATIONNAME = "Daniel Marriner";
				TargetAttributes = {
					91D475CD26CD11A200CBABF4 = {
						CreatedOnToolsVersion = 12.5.1;
					};
				};
			};
			buildConfigurationList = 91B8022924BC598800C4BC31 /* Build configuration list for PBXProject "Arrowverse Watchlist" */;
			compatibilityVersion = "Xcode 9.3";
			developmentRegion = en;
			hasScannedForEncodings = 0;
			knownRegions = (
				en,
				Base,
			);
			mainGroup = 91B8022524BC598800C4BC31;
			packageReferences = (
				91D475E526CF1BE800CBABF4 /* XCRemoteSwiftPackageReference "TVDBKit" */,
				91D475FC26D2FA7800CBABF4 /* XCRemoteSwiftPackageReference "SwiftUIRefresh" */,
			);
			productRefGroup = 91B8022F24BC598800C4BC31 /* Products */;
			projectDirPath = "";
			projectRoot = "";
			targets = (
				91D475CD26CD11A200CBABF4 /* Arrowverse Watchlist */,
			);
		};
/* End PBXProject section */

/* Begin PBXResourcesBuildPhase section */
		91D475CC26CD11A200CBABF4 /* Resources */ = {
			isa = PBXResourcesBuildPhase;
			buildActionMask = 2147483647;
			files = (
				91D475D826CD11A300CBABF4 /* Preview Assets.xcassets in Resources */,
				91D475E226CD11C400CBABF4 /* Assets.xcassets in Resources */,
				915A8C5C28BB654300531810 /* Content.json in Resources */,
			);
			runOnlyForDeploymentPostprocessing = 0;
		};
/* End PBXResourcesBuildPhase section */

/* Begin PBXSourcesBuildPhase section */
		91D475CA26CD11A200CBABF4 /* Sources */ = {
			isa = PBXSourcesBuildPhase;
			buildActionMask = 2147483647;
			files = (
				91D475EB26CF9F9100CBABF4 /* Show.swift in Sources */,
				91D475DA26CD11A300CBABF4 /* Persistence.swift in Sources */,
				91D475F726D2F15F00CBABF4 /* UpNextView.swift in Sources */,
				91D475EF26D1299300CBABF4 /* ShowFilterList.swift in Sources */,
				91D475F526D12ACB00CBABF4 /* EpisodeView.swift in Sources */,
				91D475E426CF1B8A00CBABF4 /* EpisodeListView.swift in Sources */,
				91D475F126D12A2E00CBABF4 /* ShowDataStore.swift in Sources */,
				91D475FB26D2F60F00CBABF4 /* WatchableEpisode.swift in Sources */,
				91D475ED26CFED5D00CBABF4 /* Constants.swift in Sources */,
				91D475DD26CD11A300CBABF4 /* Arrowverse_Watchlist.xcdatamodeld in Sources */,
				915A8C5A28BB652000531810 /* ShowsView.swift in Sources */,
				91D475F326D12A6A00CBABF4 /* TVDBError+Identifiable.swift in Sources */,
				91D475D126CD11A200CBABF4 /* ArrowverseWatchlistApp.swift in Sources */,
			);
			runOnlyForDeploymentPostprocessing = 0;
		};
/* End PBXSourcesBuildPhase section */

/* Begin XCBuildConfiguration section */
		91B8024324BC598F00C4BC31 /* Debug */ = {
			isa = XCBuildConfiguration;
			buildSettings = {
				ALWAYS_SEARCH_USER_PATHS = NO;
				CLANG_ANALYZER_NONNULL = YES;
				CLANG_ANALYZER_NUMBER_OBJECT_CONVERSION = YES_AGGRESSIVE;
				CLANG_CXX_LANGUAGE_STANDARD = "gnu++14";
				CLANG_CXX_LIBRARY = "libc++";
				CLANG_ENABLE_MODULES = YES;
				CLANG_ENABLE_OBJC_ARC = YES;
				CLANG_ENABLE_OBJC_WEAK = YES;
				CLANG_WARN_BLOCK_CAPTURE_AUTORELEASING = YES;
				CLANG_WARN_BOOL_CONVERSION = YES;
				CLANG_WARN_COMMA = YES;
				CLANG_WARN_CONSTANT_CONVERSION = YES;
				CLANG_WARN_DEPRECATED_OBJC_IMPLEMENTATIONS = YES;
				CLANG_WARN_DIRECT_OBJC_ISA_USAGE = YES_ERROR;
				CLANG_WARN_DOCUMENTATION_COMMENTS = YES;
				CLANG_WARN_EMPTY_BODY = YES;
				CLANG_WARN_ENUM_CONVERSION = YES;
				CLANG_WARN_INFINITE_RECURSION = YES;
				CLANG_WARN_INT_CONVERSION = YES;
				CLANG_WARN_NON_LITERAL_NULL_CONVERSION = YES;
				CLANG_WARN_OBJC_IMPLICIT_RETAIN_SELF = YES;
				CLANG_WARN_OBJC_LITERAL_CONVERSION = YES;
				CLANG_WARN_OBJC_ROOT_CLASS = YES_ERROR;
				CLANG_WARN_QUOTED_INCLUDE_IN_FRAMEWORK_HEADER = YES;
				CLANG_WARN_RANGE_LOOP_ANALYSIS = YES;
				CLANG_WARN_STRICT_PROTOTYPES = YES;
				CLANG_WARN_SUSPICIOUS_MOVE = YES;
				CLANG_WARN_UNGUARDED_AVAILABILITY = YES_AGGRESSIVE;
				CLANG_WARN_UNREACHABLE_CODE = YES;
				CLANG_WARN__DUPLICATE_METHOD_MATCH = YES;
				COPY_PHASE_STRIP = NO;
				DEBUG_INFORMATION_FORMAT = dwarf;
				ENABLE_STRICT_OBJC_MSGSEND = YES;
				ENABLE_TESTABILITY = YES;
				GCC_C_LANGUAGE_STANDARD = gnu11;
				GCC_DYNAMIC_NO_PIC = NO;
				GCC_NO_COMMON_BLOCKS = YES;
				GCC_OPTIMIZATION_LEVEL = 0;
				GCC_PREPROCESSOR_DEFINITIONS = (
					"DEBUG=1",
					"$(inherited)",
				);
				GCC_WARN_64_TO_32_BIT_CONVERSION = YES;
				GCC_WARN_ABOUT_RETURN_TYPE = YES_ERROR;
				GCC_WARN_UNDECLARED_SELECTOR = YES;
				GCC_WARN_UNINITIALIZED_AUTOS = YES_AGGRESSIVE;
				GCC_WARN_UNUSED_FUNCTION = YES;
				GCC_WARN_UNUSED_VARIABLE = YES;
				IPHONEOS_DEPLOYMENT_TARGET = 13.5;
				MTL_ENABLE_DEBUG_INFO = INCLUDE_SOURCE;
				MTL_FAST_MATH = YES;
				ONLY_ACTIVE_ARCH = YES;
				SDKROOT = iphoneos;
				SWIFT_ACTIVE_COMPILATION_CONDITIONS = DEBUG;
				SWIFT_OPTIMIZATION_LEVEL = "-Onone";
			};
			name = Debug;
		};
		91B8024424BC598F00C4BC31 /* Release */ = {
			isa = XCBuildConfiguration;
			buildSettings = {
				ALWAYS_SEARCH_USER_PATHS = NO;
				CLANG_ANALYZER_NONNULL = YES;
				CLANG_ANALYZER_NUMBER_OBJECT_CONVERSION = YES_AGGRESSIVE;
				CLANG_CXX_LANGUAGE_STANDARD = "gnu++14";
				CLANG_CXX_LIBRARY = "libc++";
				CLANG_ENABLE_MODULES = YES;
				CLANG_ENABLE_OBJC_ARC = YES;
				CLANG_ENABLE_OBJC_WEAK = YES;
				CLANG_WARN_BLOCK_CAPTURE_AUTORELEASING = YES;
				CLANG_WARN_BOOL_CONVERSION = YES;
				CLANG_WARN_COMMA = YES;
				CLANG_WARN_CONSTANT_CONVERSION = YES;
				CLANG_WARN_DEPRECATED_OBJC_IMPLEMENTATIONS = YES;
				CLANG_WARN_DIRECT_OBJC_ISA_USAGE = YES_ERROR;
				CLANG_WARN_DOCUMENTATION_COMMENTS = YES;
				CLANG_WARN_EMPTY_BODY = YES;
				CLANG_WARN_ENUM_CONVERSION = YES;
				CLANG_WARN_INFINITE_RECURSION = YES;
				CLANG_WARN_INT_CONVERSION = YES;
				CLANG_WARN_NON_LITERAL_NULL_CONVERSION = YES;
				CLANG_WARN_OBJC_IMPLICIT_RETAIN_SELF = YES;
				CLANG_WARN_OBJC_LITERAL_CONVERSION = YES;
				CLANG_WARN_OBJC_ROOT_CLASS = YES_ERROR;
				CLANG_WARN_QUOTED_INCLUDE_IN_FRAMEWORK_HEADER = YES;
				CLANG_WARN_RANGE_LOOP_ANALYSIS = YES;
				CLANG_WARN_STRICT_PROTOTYPES = YES;
				CLANG_WARN_SUSPICIOUS_MOVE = YES;
				CLANG_WARN_UNGUARDED_AVAILABILITY = YES_AGGRESSIVE;
				CLANG_WARN_UNREACHABLE_CODE = YES;
				CLANG_WARN__DUPLICATE_METHOD_MATCH = YES;
				COPY_PHASE_STRIP = NO;
				DEBUG_INFORMATION_FORMAT = "dwarf-with-dsym";
				ENABLE_NS_ASSERTIONS = NO;
				ENABLE_STRICT_OBJC_MSGSEND = YES;
				GCC_C_LANGUAGE_STANDARD = gnu11;
				GCC_NO_COMMON_BLOCKS = YES;
				GCC_WARN_64_TO_32_BIT_CONVERSION = YES;
				GCC_WARN_ABOUT_RETURN_TYPE = YES_ERROR;
				GCC_WARN_UNDECLARED_SELECTOR = YES;
				GCC_WARN_UNINITIALIZED_AUTOS = YES_AGGRESSIVE;
				GCC_WARN_UNUSED_FUNCTION = YES;
				GCC_WARN_UNUSED_VARIABLE = YES;
				IPHONEOS_DEPLOYMENT_TARGET = 13.5;
				MTL_ENABLE_DEBUG_INFO = NO;
				MTL_FAST_MATH = YES;
				SDKROOT = iphoneos;
				SWIFT_COMPILATION_MODE = wholemodule;
				SWIFT_OPTIMIZATION_LEVEL = "-O";
				VALIDATE_PRODUCT = YES;
			};
			name = Release;
		};
		91D475DF26CD11A300CBABF4 /* Debug */ = {
			isa = XCBuildConfiguration;
			buildSettings = {
				ASSETCATALOG_COMPILER_APPICON_NAME = AppIcon;
				ASSETCATALOG_COMPILER_GLOBAL_ACCENT_COLOR_NAME = AccentColor;
				CODE_SIGN_STYLE = Automatic;
				DEVELOPMENT_ASSET_PATHS = "Arrowverse\\ Watchlist/Preview\\ Content";
				DEVELOPMENT_TEAM = SDPTWQFVDC;
				ENABLE_PREVIEWS = YES;
				INFOPLIST_FILE = "Arrowverse Watchlist/Info.plist";
				IPHONEOS_DEPLOYMENT_TARGET = 14.5;
				LD_RUNPATH_SEARCH_PATHS = (
					"$(inherited)",
					"@executable_path/Frameworks",
				);
				PRODUCT_BUNDLE_IDENTIFIER = "AnachronisticTech.Arrowverse-Watchlist-2";
				PRODUCT_NAME = "$(TARGET_NAME)";
				SWIFT_VERSION = 5.0;
				TARGETED_DEVICE_FAMILY = "1,2";
			};
			name = Debug;
		};
		91D475E026CD11A300CBABF4 /* Release */ = {
			isa = XCBuildConfiguration;
			buildSettings = {
				ASSETCATALOG_COMPILER_APPICON_NAME = AppIcon;
				ASSETCATALOG_COMPILER_GLOBAL_ACCENT_COLOR_NAME = AccentColor;
				CODE_SIGN_STYLE = Automatic;
				DEVELOPMENT_ASSET_PATHS = "Arrowverse\\ Watchlist/Preview\\ Content";
				DEVELOPMENT_TEAM = SDPTWQFVDC;
				ENABLE_PREVIEWS = YES;
				INFOPLIST_FILE = "Arrowverse Watchlist/Info.plist";
				IPHONEOS_DEPLOYMENT_TARGET = 14.5;
				LD_RUNPATH_SEARCH_PATHS = (
					"$(inherited)",
					"@executable_path/Frameworks",
				);
				PRODUCT_BUNDLE_IDENTIFIER = "AnachronisticTech.Arrowverse-Watchlist-2";
				PRODUCT_NAME = "$(TARGET_NAME)";
				SWIFT_VERSION = 5.0;
				TARGETED_DEVICE_FAMILY = "1,2";
			};
			name = Release;
		};
/* End XCBuildConfiguration section */

/* Begin XCConfigurationList section */
		91B8022924BC598800C4BC31 /* Build configuration list for PBXProject "Arrowverse Watchlist" */ = {
			isa = XCConfigurationList;
			buildConfigurations = (
				91B8024324BC598F00C4BC31 /* Debug */,
				91B8024424BC598F00C4BC31 /* Release */,
			);
			defaultConfigurationIsVisible = 0;
			defaultConfigurationName = Release;
		};
		91D475E126CD11A300CBABF4 /* Build configuration list for PBXNativeTarget "Arrowverse Watchlist" */ = {
			isa = XCConfigurationList;
			buildConfigurations = (
				91D475DF26CD11A300CBABF4 /* Debug */,
				91D475E026CD11A300CBABF4 /* Release */,
			);
			defaultConfigurationIsVisible = 0;
			defaultConfigurationName = Release;
		};
/* End XCConfigurationList section */

/* Begin XCRemoteSwiftPackageReference section */
		91D475E526CF1BE800CBABF4 /* XCRemoteSwiftPackageReference "TVDBKit" */ = {
			isa = XCRemoteSwiftPackageReference;
			repositoryURL = "https://github.com/AnachronisticTech/TVDBKit.git";
			requirement = {
				branch = master;
				kind = branch;
			};
		};
		91D475FC26D2FA7800CBABF4 /* XCRemoteSwiftPackageReference "SwiftUIRefresh" */ = {
			isa = XCRemoteSwiftPackageReference;
			repositoryURL = "https://github.com/siteline/SwiftUIRefresh.git";
			requirement = {
				kind = upToNextMajorVersion;
				minimumVersion = 0.0.3;
			};
		};
/* End XCRemoteSwiftPackageReference section */

/* Begin XCSwiftPackageProductDependency section */
		91D475E626CF1BE800CBABF4 /* TVDBKit */ = {
			isa = XCSwiftPackageProductDependency;
			package = 91D475E526CF1BE800CBABF4 /* XCRemoteSwiftPackageReference "TVDBKit" */;
			productName = TVDBKit;
		};
		91D475FD26D2FA7800CBABF4 /* SwiftUIRefresh */ = {
			isa = XCSwiftPackageProductDependency;
			package = 91D475FC26D2FA7800CBABF4 /* XCRemoteSwiftPackageReference "SwiftUIRefresh" */;
			productName = SwiftUIRefresh;
		};
/* End XCSwiftPackageProductDependency section */

/* Begin XCVersionGroup section */
		91D475DB26CD11A300CBABF4 /* Arrowverse_Watchlist.xcdatamodeld */ = {
			isa = XCVersionGroup;
			children = (
				91D475DC26CD11A300CBABF4 /* Arrowverse_Watchlist_2.xcdatamodel */,
			);
			currentVersion = 91D475DC26CD11A300CBABF4 /* Arrowverse_Watchlist_2.xcdatamodel */;
			path = Arrowverse_Watchlist.xcdatamodeld;
			sourceTree = "<group>";
			versionGroupType = wrapper.xcdatamodel;
		};
/* End XCVersionGroup section */
	};
	rootObject = 91B8022624BC598800C4BC31 /* Project object */;
}
